<?xml version="1.0" encoding="utf-8"?>
<Project ToolsVersion="4.0" xmlns="http://schemas.microsoft.com/developer/msbuild/2003">
  <ItemGroup>
    <FxCompile Include="MyLib\Shader\Texture\TexPS.hlsl">
      <Filter>Shader\Texture</Filter>
    </FxCompile>
    <FxCompile Include="MyLib\Shader\Texture\Texture.hlsl">
      <Filter>Shader\Texture</Filter>
    </FxCompile>
    <FxCompile Include="MyLib\Shader\Texture\TexVS.hlsl">
      <Filter>Shader\Texture</Filter>
    </FxCompile>
    <FxCompile Include="MyLib\Shader\Primitive\Primitive.hlsl">
      <Filter>Shader\Primitive</Filter>
    </FxCompile>
    <FxCompile Include="MyLib\Shader\Primitive\PrimVS.hlsl">
      <Filter>Shader\Primitive</Filter>
    </FxCompile>
    <FxCompile Include="MyLib\Shader\Primitive\PrimPS.hlsl">
      <Filter>Shader\Primitive</Filter>
    </FxCompile>
  </ItemGroup>
  <ItemGroup>
    <ClCompile Include="main.cpp" />
    <ClCompile Include="MyLib\etc\Func.cpp">
      <Filter>etc</Filter>
    </ClCompile>
    <ClCompile Include="MyLib\Descriptor\Descriptor.cpp">
      <Filter>Descriptor</Filter>
    </ClCompile>
    <ClCompile Include="MyLib\Device\Device.cpp">
      <Filter>Device</Filter>
    </ClCompile>
    <ClCompile Include="MyLib\Fence\Fence.cpp">
      <Filter>Fence</Filter>
    </ClCompile>
    <ClCompile Include="MyLib\List\List.cpp">
      <Filter>List</Filter>
    </ClCompile>
    <ClCompile Include="MyLib\MyLib.cpp">
      <Filter>MyLib</Filter>
    </ClCompile>
    <ClCompile Include="MyLib\Pipe\Pipe.cpp">
      <Filter>Pipe</Filter>
    </ClCompile>
    <ClCompile Include="MyLib\Queue\Queue.cpp">
      <Filter>Queue</Filter>
    </ClCompile>
    <ClCompile Include="MyLib\RenderTarget\RenderTarget.cpp">
      <Filter>RenderTarget</Filter>
    </ClCompile>
    <ClCompile Include="MyLib\Root\Root.cpp">
      <Filter>Root</Filter>
    </ClCompile>
    <ClCompile Include="MyLib\SwapChain\SwapChain.cpp">
      <Filter>SwapChain</Filter>
    </ClCompile>
    <ClCompile Include="MyLib\Window\Window.cpp">
      <Filter>Window</Filter>
    </ClCompile>
    <ClCompile Include="MyLib\Primitive\Primitive.cpp">
      <Filter>Primitive</Filter>
    </ClCompile>
  </ItemGroup>
  <ItemGroup>
    <ClInclude Include="MyLib\etc\Define.h">
      <Filter>etc</Filter>
    </ClInclude>
    <ClInclude Include="MyLib\etc\Func.h">
      <Filter>etc</Filter>
    </ClInclude>
    <ClInclude Include="MyLib\etc\Release.h">
      <Filter>etc</Filter>
    </ClInclude>
    <ClInclude Include="MyLib\etc\Vector2.h">
      <Filter>etc</Filter>
    </ClInclude>
    <ClInclude Include="MyLib\etc\Vector3.h">
      <Filter>etc</Filter>
    </ClInclude>
    <ClInclude Include="MyLib\Descriptor\Descriptor.h">
      <Filter>Descriptor</Filter>
    </ClInclude>
    <ClInclude Include="MyLib\Device\Device.h">
      <Filter>Device</Filter>
    </ClInclude>
    <ClInclude Include="MyLib\Fence\Fence.h">
      <Filter>Fence</Filter>
    </ClInclude>
    <ClInclude Include="MyLib\List\List.h">
      <Filter>List</Filter>
    </ClInclude>
    <ClInclude Include="MyLib\MyLib.h">
      <Filter>MyLib</Filter>
    </ClInclude>
    <ClInclude Include="MyLib\Pipe\Pipe.h">
      <Filter>Pipe</Filter>
    </ClInclude>
    <ClInclude Include="MyLib\Queue\Queue.h">
      <Filter>Queue</Filter>
    </ClInclude>
    <ClInclude Include="MyLib\RenderTarget\RenderTarget.h">
      <Filter>RenderTarget</Filter>
    </ClInclude>
    <ClInclude Include="MyLib\Root\Root.h">
      <Filter>Root</Filter>
    </ClInclude>
    <ClInclude Include="MyLib\SwapChain\SwapChain.h">
      <Filter>SwapChain</Filter>
    </ClInclude>
    <ClInclude Include="MyLib\Window\Window.h">
      <Filter>Window</Filter>
    </ClInclude>
    <ClInclude Include="MyLib\Primitive\Primitive.h">
      <Filter>Primitive</Filter>
    </ClInclude>
  </ItemGroup>
  <ItemGroup>
    <Filter Include="etc">
      <UniqueIdentifier>{2eba8692-2249-4d1a-89e2-99b074f3df4b}</UniqueIdentifier>
    </Filter>
    <Filter Include="Descriptor">
      <UniqueIdentifier>{eb44002b-399e-4743-883e-2b3dc5a0b7e9}</UniqueIdentifier>
    </Filter>
    <Filter Include="Device">
      <UniqueIdentifier>{5f0093c7-6372-4a3b-8651-9e3c1a935b98}</UniqueIdentifier>
    </Filter>
    <Filter Include="Fence">
      <UniqueIdentifier>{5fe91914-1651-4b2d-97e8-8b60075f89bc}</UniqueIdentifier>
    </Filter>
    <Filter Include="List">
      <UniqueIdentifier>{84077dcf-7697-4b8f-ac02-23c773c18969}</UniqueIdentifier>
    </Filter>
    <Filter Include="MyLib">
      <UniqueIdentifier>{a615f64d-0281-42c4-b228-77dc3ab87dc9}</UniqueIdentifier>
    </Filter>
    <Filter Include="Pipe">
      <UniqueIdentifier>{e83a422c-c774-4342-a06e-3f0c457b4a0f}</UniqueIdentifier>
    </Filter>
    <Filter Include="Queue">
      <UniqueIdentifier>{356a7cf7-cfb0-42d4-8817-465314319b54}</UniqueIdentifier>
    </Filter>
    <Filter Include="RenderTarget">
      <UniqueIdentifier>{170b9da5-70f0-4e6b-b973-7b5abffcc499}</UniqueIdentifier>
    </Filter>
    <Filter Include="Root">
      <UniqueIdentifier>{d015f5eb-7560-4041-a704-a172be0401d9}</UniqueIdentifier>
    </Filter>
    <Filter Include="SwapChain">
      <UniqueIdentifier>{0d30756d-1104-4376-9e3f-6b8c0f4f0fdb}</UniqueIdentifier>
    </Filter>
    <Filter Include="Shader">
      <UniqueIdentifier>{72e5e51a-34bc-4230-8913-e28a398a3f45}</UniqueIdentifier>
    </Filter>
    <Filter Include="Window">
      <UniqueIdentifier>{bbc105bc-eb36-41db-8795-e30bf28bb00e}</UniqueIdentifier>
    </Filter>
    <Filter Include="Primitive">
      <UniqueIdentifier>{e87147c5-7600-4d5e-8a46-83c3fc0edd13}</UniqueIdentifier>
    </Filter>
    <Filter Include="Shader\Texture">
      <UniqueIdentifier>{febed668-bb5e-44c8-9eb4-c78d3dc74edd}</UniqueIdentifier>
    </Filter>
    <Filter Include="Shader\Primitive">
      <UniqueIdentifier>{8f1dd2b8-547b-4220-b9a1-9a401c5d1d5e}</UniqueIdentifier>
    </Filter>
  </ItemGroup>
</Project>